# THIS IS AN AUTOGENERATED FILE. DO NOT EDIT THIS FILE DIRECTLY.
# yarn lockfile v1


microtime@^3.0.0:
  version "3.0.0"
  resolved "https://registry.yarnpkg.com/microtime/-/microtime-3.0.0.tgz#d140914bde88aa89b4f9fd2a18620b435af0f39b"
  integrity sha512-SirJr7ZL4ow2iWcb54bekS4aWyBQNVcEDBiwAz9D/sTgY59A+uE8UJU15cp5wyZmPBwg/3zf8lyCJ5NUe1nVlQ==
  dependencies:
    node-addon-api "^1.2.0"
    node-gyp-build "^3.8.0"

node-addon-api@^1.2.0:
  version "1.7.2"
  resolved "https://registry.yarnpkg.com/node-addon-api/-/node-addon-api-1.7.2.tgz#3df30b95720b53c24e59948b49532b662444f54d"
  integrity sha512-ibPK3iA+vaY1eEjESkQkM0BbCqFOaZMiXRTtdB0u7b4djtY6JnsjvPdUHVMg6xQt3B8fpTTWHI9A+ADjM9frzg==

node-gyp-build@^3.8.0:
  version "3.9.0"
  resolved "https://registry.yarnpkg.com/node-gyp-build/-/node-gyp-build-3.9.0.tgz#53a350187dd4d5276750da21605d1cb681d09e25"
  integrity sha512-zLcTg6P4AbcHPq465ZMFNXx7XpKKJh+7kkN699NiQWisR2uWYOWNWqRHAmbnmKiL4e9aLSlmy5U7rEMUXV59+A==
